{
  "name": "nesquick-tsc-mock",
  "version": "1.0.0",
  "lockfileVersion": 3,
  "requires": true,
  "packages": {
    "": {
      "name": "nesquick-tsc-mock",
      "version": "1.0.0",
      "license": "ISC",
      "dependencies": {
        "nesquick": "file:.."
      }
    },
    "..": {
      "version": "0.0.25",
      "license": "MIT",
      "bin": {
        "nesquick-tsc": "lib/cli/nesquick-tsc.js",
        "ntsc": "lib/cli/nesquick-tsc.js"
      },
      "devDependencies": {
        "@types/jsdom": "^21.1.7",
        "@types/node": "^22.7.8",
        "arrange-act-assert": "^2.9.3",
        "jsdom": "^26.1.0",
        "typescript": "^5.6.3"
      }
    },
    "node_modules/nesquick": {
      "resolved": "..",
      "link": true
    }
  }
}
